
Microsoft Visual Studio Solution File, Format Version 12.00
# Visual Studio Version 17
VisualStudioVersion = 17.5.002.0
MinimumVisualStudioVersion = 10.0.40219.1
Project("{9A19103F-16F7-4668-BE54-9A1E7A4F7556}") = "primeraClaseTarea", "primeraClaseTarea\primeraClaseTarea.csproj", "{28CD57C3-F927-442E-85D5-4B74292CFBC9}"
EndProject
Project("{9A19103F-16F7-4668-BE54-9A1E7A4F7556}") = "segundaClaseTarea", "segundaClaseTarea\segundaClaseTarea.csproj", "{6D1F9AAA-A89C-4C37-9CE0-20AACE1ABD58}"
EndProject
Project("{9A19103F-16F7-4668-BE54-9A1E7A4F7556}") = "terceraClase", "terceraClase\terceraClase.csproj", "{73929AF6-6073-4F1D-8A73-B461FBF73E22}"
EndProject
Global
	GlobalSection(SolutionConfigurationPlatforms) = preSolution
		Debug|Any CPU = Debug|Any CPU
		Release|Any CPU = Release|Any CPU
	EndGlobalSection
	GlobalSection(ProjectConfigurationPlatforms) = postSolution
		{28CD57C3-F927-442E-85D5-4B74292CFBC9}.Debug|Any CPU.ActiveCfg = Debug|Any CPU
		{28CD57C3-F927-442E-85D5-4B74292CFBC9}.Debug|Any CPU.Build.0 = Debug|Any CPU
		{28CD57C3-F927-442E-85D5-4B74292CFBC9}.Release|Any CPU.ActiveCfg = Release|Any CPU
		{28CD57C3-F927-442E-85D5-4B74292CFBC9}.Release|Any CPU.Build.0 = Release|Any CPU
		{6D1F9AAA-A89C-4C37-9CE0-20AACE1ABD58}.Debug|Any CPU.ActiveCfg = Debug|Any CPU
		{6D1F9AAA-A89C-4C37-9CE0-20AACE1ABD58}.Debug|Any CPU.Build.0 = Debug|Any CPU
		{6D1F9AAA-A89C-4C37-9CE0-20AACE1ABD58}.Release|Any CPU.ActiveCfg = Release|Any CPU
		{6D1F9AAA-A89C-4C37-9CE0-20AACE1ABD58}.Release|Any CPU.Build.0 = Release|Any CPU
		{73929AF6-6073-4F1D-8A73-B461FBF73E22}.Debug|Any CPU.ActiveCfg = Debug|Any CPU
		{73929AF6-6073-4F1D-8A73-B461FBF73E22}.Debug|Any CPU.Build.0 = Debug|Any CPU
		{73929AF6-6073-4F1D-8A73-B461FBF73E22}.Release|Any CPU.ActiveCfg = Release|Any CPU
		{73929AF6-6073-4F1D-8A73-B461FBF73E22}.Release|Any CPU.Build.0 = Release|Any CPU
	EndGlobalSection
	GlobalSection(SolutionProperties) = preSolution
		HideSolutionNode = FALSE
	EndGlobalSection
	GlobalSection(ExtensibilityGlobals) = postSolution
		SolutionGuid = {BCC75EF0-08A6-4D50-93F9-D3688BE04FE2}
	EndGlobalSection
EndGlobal
