
Microsoft Visual Studio Solution File, Format Version 12.00
# Visual Studio Version 17
VisualStudioVersion = 17.5.002.0
MinimumVisualStudioVersion = 10.0.40219.1
Project("{9A19103F-16F7-4668-BE54-9A1E7A4F7556}") = "quintaClase", "quintaClase.csproj", "{A3BD1B47-4048-4887-A0D8-6B0E3D706F5D}"
EndProject
Global
	GlobalSection(SolutionConfigurationPlatforms) = preSolution
		Debug|Any CPU = Debug|Any CPU
		Release|Any CPU = Release|Any CPU
	EndGlobalSection
	GlobalSection(ProjectConfigurationPlatforms) = postSolution
		{A3BD1B47-4048-4887-A0D8-6B0E3D706F5D}.Debug|Any CPU.ActiveCfg = Debug|Any CPU
		{A3BD1B47-4048-4887-A0D8-6B0E3D706F5D}.Debug|Any CPU.Build.0 = Debug|Any CPU
		{A3BD1B47-4048-4887-A0D8-6B0E3D706F5D}.Release|Any CPU.ActiveCfg = Release|Any CPU
		{A3BD1B47-4048-4887-A0D8-6B0E3D706F5D}.Release|Any CPU.Build.0 = Release|Any CPU
	EndGlobalSection
	GlobalSection(SolutionProperties) = preSolution
		HideSolutionNode = FALSE
	EndGlobalSection
	GlobalSection(ExtensibilityGlobals) = postSolution
		SolutionGuid = {84E0CBA6-0FD3-47EE-8B28-44DEE5E001EC}
	EndGlobalSection
EndGlobal
