
Microsoft Visual Studio Solution File, Format Version 12.00
# Visual Studio Version 17
VisualStudioVersion = 17.5.002.0
MinimumVisualStudioVersion = 10.0.40219.1
Project("{9A19103F-16F7-4668-BE54-9A1E7A4F7556}") = "TallerLINQ", "TallerLINQ.csproj", "{99C3F817-B50F-46AE-AB9C-6C14C949CEE1}"
EndProject
Global
	GlobalSection(SolutionConfigurationPlatforms) = preSolution
		Debug|Any CPU = Debug|Any CPU
		Release|Any CPU = Release|Any CPU
	EndGlobalSection
	GlobalSection(ProjectConfigurationPlatforms) = postSolution
		{99C3F817-B50F-46AE-AB9C-6C14C949CEE1}.Debug|Any CPU.ActiveCfg = Debug|Any CPU
		{99C3F817-B50F-46AE-AB9C-6C14C949CEE1}.Debug|Any CPU.Build.0 = Debug|Any CPU
		{99C3F817-B50F-46AE-AB9C-6C14C949CEE1}.Release|Any CPU.ActiveCfg = Release|Any CPU
		{99C3F817-B50F-46AE-AB9C-6C14C949CEE1}.Release|Any CPU.Build.0 = Release|Any CPU
	EndGlobalSection
	GlobalSection(SolutionProperties) = preSolution
		HideSolutionNode = FALSE
	EndGlobalSection
	GlobalSection(ExtensibilityGlobals) = postSolution
		SolutionGuid = {CBBFECE7-6CB3-4C85-95D8-1335A9B3A196}
	EndGlobalSection
EndGlobal
