
Microsoft Visual Studio Solution File, Format Version 12.00
# Visual Studio Version 17
VisualStudioVersion = 17.5.002.0
MinimumVisualStudioVersion = 10.0.40219.1
Project("{9A19103F-16F7-4668-BE54-9A1E7A4F7556}") = "EmployeesManagementSystemPart2", "EmployeesManagementSystemPart2.csproj", "{61F1862C-3742-4984-A8F9-E9852DDD4CF3}"
EndProject
Global
	GlobalSection(SolutionConfigurationPlatforms) = preSolution
		Debug|Any CPU = Debug|Any CPU
		Release|Any CPU = Release|Any CPU
	EndGlobalSection
	GlobalSection(ProjectConfigurationPlatforms) = postSolution
		{61F1862C-3742-4984-A8F9-E9852DDD4CF3}.Debug|Any CPU.ActiveCfg = Debug|Any CPU
		{61F1862C-3742-4984-A8F9-E9852DDD4CF3}.Debug|Any CPU.Build.0 = Debug|Any CPU
		{61F1862C-3742-4984-A8F9-E9852DDD4CF3}.Release|Any CPU.ActiveCfg = Release|Any CPU
		{61F1862C-3742-4984-A8F9-E9852DDD4CF3}.Release|Any CPU.Build.0 = Release|Any CPU
	EndGlobalSection
	GlobalSection(SolutionProperties) = preSolution
		HideSolutionNode = FALSE
	EndGlobalSection
	GlobalSection(ExtensibilityGlobals) = postSolution
		SolutionGuid = {1270BAFA-26F3-4174-B5E3-55584C43CED1}
	EndGlobalSection
EndGlobal
